
Microsoft Visual Studio Solution File, Format Version 12.00
# Visual Studio 14
VisualStudioVersion = 14.0.25420.1
MinimumVisualStudioVersion = 10.0.40219.1
Project("{FAE04EC0-301F-11D3-BF4B-00C04F79EFBC}") = "Mystifier.DarkMagic", "Mystifier.DarkMagic\Mystifier.DarkMagic.csproj", "{692AE1B4-19EC-4EA6-B56F-592813FA4982}"
EndProject
Project("{FAE04EC0-301F-11D3-BF4B-00C04F79EFBC}") = "Mystifier.IntelliJS", "Mystifier.IntelliJS\Mystifier.IntelliJS.csproj", "{2727D171-ACA5-465E-841C-E101980687DF}"
EndProject
Project("{2150E333-8FDC-42A3-9474-1A3956D46DE8}") = "Desktop", "Desktop", "{E23318A1-689C-486F-A844-826F30E507DB}"
EndProject
Project("{2150E333-8FDC-42A3-9474-1A3956D46DE8}") = "Android", "Android", "{15D86C56-1EED-4306-BB8B-8D4E10540432}"
EndProject
Project("{FAE04EC0-301F-11D3-BF4B-00C04F79EFBC}") = "Mystifier Studio", "Desktop\Mystifier Studio\Mystifier Studio.csproj", "{DB9CD907-8D6A-4E4B-A2EC-7F22252B6A17}"
EndProject
Project("{FAE04EC0-301F-11D3-BF4B-00C04F79EFBC}") = "MystifierLight", "Android\MystifierLight\MystifierLight.csproj", "{111C6286-E82A-431C-943B-A21D84D2C5D0}"
EndProject
Project("{2150E333-8FDC-42A3-9474-1A3956D46DE8}") = "CrossPlatform", "CrossPlatform", "{B19A734B-61A6-457B-8EB5-E6F30D013450}"
EndProject
Project("{FAE04EC0-301F-11D3-BF4B-00C04F79EFBC}") = "MystifierMicro.Droid", "CrossPlatform\MystifierMicro\MystifierMicro.Droid\MystifierMicro.Droid.csproj", "{F3E57EA5-849B-41F0-98B4-C9474ED18BB1}"
EndProject
Project("{FAE04EC0-301F-11D3-BF4B-00C04F79EFBC}") = "MystifierMicro.iOS", "CrossPlatform\MystifierMicro\MystifierMicro.iOS\MystifierMicro.iOS.csproj", "{5A444CD7-9C11-4AF1-8609-D3D5048F9063}"
EndProject
Project("{D954291E-2A0B-460D-934E-DC6B0785DB48}") = "MystifierMicro", "CrossPlatform\MystifierMicro\MystifierMicro\MystifierMicro.shproj", "{820DC28E-EB6F-47B8-B6C2-10CCFDDDA37B}"
EndProject
Project("{2150E333-8FDC-42A3-9474-1A3956D46DE8}") = "Dependencies", "Dependencies", "{652BEAED-94ED-4E7B-B24B-B310BC833B47}"
EndProject
Project("{FAE04EC0-301F-11D3-BF4B-00C04F79EFBC}") = "ExaPhaser.FilePicker", "Android\Dependencies\ExaPhaser.FilePicker\ExaPhaser.FilePicker.csproj", "{605F69AA-93A8-4AEA-9BBD-BF3AE649506A}"
EndProject
Project("{2150E333-8FDC-42A3-9474-1A3956D46DE8}") = "Libraries", "Libraries", "{5329ECB9-A517-40D8-B69B-0374943DF229}"
EndProject
Project("{FAE04EC0-301F-11D3-BF4B-00C04F79EFBC}") = "IridiumJS", "..\IridiumJS\IridiumJS.csproj", "{678738DA-F723-4920-B9E5-CAD667104BDA}"
EndProject
Project("{FAE04EC0-301F-11D3-BF4B-00C04F79EFBC}") = "MystifierLightEditor", "Android\MystifierLightEditor\MystifierLightEditor.csproj", "{37DFEFBA-886F-403D-B8A5-EBA67633C235}"
EndProject
Project("{2150E333-8FDC-42A3-9474-1A3956D46DE8}") = "Playground", "Playground", "{8158AFBE-2F2A-42B9-B2CD-B474AFA6FC41}"
EndProject
Project("{FAE04EC0-301F-11D3-BF4B-00C04F79EFBC}") = "LilDebugger", "Playground\LilDebugger\LilDebugger.csproj", "{B4256ACE-35BE-4EB0-8967-7F33AEEFCD14}"
EndProject
Project("{FAE04EC0-301F-11D3-BF4B-00C04F79EFBC}") = "JSONPush", "JSONPush\JSONPush.csproj", "{A4A14467-4AF4-4F57-A559-5ED81548C29C}"
EndProject
Global
	GlobalSection(SharedMSBuildProjectFiles) = preSolution
		CrossPlatform\MystifierMicro\MystifierMicro\MystifierMicro.projitems*{5a444cd7-9c11-4af1-8609-d3d5048f9063}*SharedItemsImports = 4
		CrossPlatform\MystifierMicro\MystifierMicro\MystifierMicro.projitems*{820dc28e-eb6f-47b8-b6c2-10ccfddda37b}*SharedItemsImports = 13
		CrossPlatform\MystifierMicro\MystifierMicro\MystifierMicro.projitems*{f3e57ea5-849b-41f0-98b4-c9474ed18bb1}*SharedItemsImports = 4
	EndGlobalSection
	GlobalSection(SolutionConfigurationPlatforms) = preSolution
		Ad-Hoc|Any CPU = Ad-Hoc|Any CPU
		Ad-Hoc|iPhone = Ad-Hoc|iPhone
		Ad-Hoc|iPhoneSimulator = Ad-Hoc|iPhoneSimulator
		AppStore|Any CPU = AppStore|Any CPU
		AppStore|iPhone = AppStore|iPhone
		AppStore|iPhoneSimulator = AppStore|iPhoneSimulator
		Debug|Any CPU = Debug|Any CPU
		Debug|iPhone = Debug|iPhone
		Debug|iPhoneSimulator = Debug|iPhoneSimulator
		Release|Any CPU = Release|Any CPU
		Release|iPhone = Release|iPhone
		Release|iPhoneSimulator = Release|iPhoneSimulator
	EndGlobalSection
	GlobalSection(ProjectConfigurationPlatforms) = postSolution
		{692AE1B4-19EC-4EA6-B56F-592813FA4982}.Ad-Hoc|Any CPU.ActiveCfg = Release|Any CPU
		{692AE1B4-19EC-4EA6-B56F-592813FA4982}.Ad-Hoc|Any CPU.Build.0 = Release|Any CPU
		{692AE1B4-19EC-4EA6-B56F-592813FA4982}.Ad-Hoc|iPhone.ActiveCfg = Release|Any CPU
		{692AE1B4-19EC-4EA6-B56F-592813FA4982}.Ad-Hoc|iPhone.Build.0 = Release|Any CPU
		{692AE1B4-19EC-4EA6-B56F-592813FA4982}.Ad-Hoc|iPhoneSimulator.ActiveCfg = Release|Any CPU
		{692AE1B4-19EC-4EA6-B56F-592813FA4982}.Ad-Hoc|iPhoneSimulator.Build.0 = Release|Any CPU
		{692AE1B4-19EC-4EA6-B56F-592813FA4982}.AppStore|Any CPU.ActiveCfg = Release|Any CPU
		{692AE1B4-19EC-4EA6-B56F-592813FA4982}.AppStore|Any CPU.Build.0 = Release|Any CPU
		{692AE1B4-19EC-4EA6-B56F-592813FA4982}.AppStore|iPhone.ActiveCfg = Release|Any CPU
		{692AE1B4-19EC-4EA6-B56F-592813FA4982}.AppStore|iPhone.Build.0 = Release|Any CPU
		{692AE1B4-19EC-4EA6-B56F-592813FA4982}.AppStore|iPhoneSimulator.ActiveCfg = Release|Any CPU
		{692AE1B4-19EC-4EA6-B56F-592813FA4982}.AppStore|iPhoneSimulator.Build.0 = Release|Any CPU
		{692AE1B4-19EC-4EA6-B56F-592813FA4982}.Debug|Any CPU.ActiveCfg = Debug|Any CPU
		{692AE1B4-19EC-4EA6-B56F-592813FA4982}.Debug|Any CPU.Build.0 = Debug|Any CPU
		{692AE1B4-19EC-4EA6-B56F-592813FA4982}.Debug|iPhone.ActiveCfg = Debug|Any CPU
		{692AE1B4-19EC-4EA6-B56F-592813FA4982}.Debug|iPhone.Build.0 = Debug|Any CPU
		{692AE1B4-19EC-4EA6-B56F-592813FA4982}.Debug|iPhoneSimulator.ActiveCfg = Debug|Any CPU
		{692AE1B4-19EC-4EA6-B56F-592813FA4982}.Debug|iPhoneSimulator.Build.0 = Debug|Any CPU
		{692AE1B4-19EC-4EA6-B56F-592813FA4982}.Release|Any CPU.ActiveCfg = Release|Any CPU
		{692AE1B4-19EC-4EA6-B56F-592813FA4982}.Release|Any CPU.Build.0 = Release|Any CPU
		{692AE1B4-19EC-4EA6-B56F-592813FA4982}.Release|iPhone.ActiveCfg = Release|Any CPU
		{692AE1B4-19EC-4EA6-B56F-592813FA4982}.Release|iPhone.Build.0 = Release|Any CPU
		{692AE1B4-19EC-4EA6-B56F-592813FA4982}.Release|iPhoneSimulator.ActiveCfg = Release|Any CPU
		{692AE1B4-19EC-4EA6-B56F-592813FA4982}.Release|iPhoneSimulator.Build.0 = Release|Any CPU
		{2727D171-ACA5-465E-841C-E101980687DF}.Ad-Hoc|Any CPU.ActiveCfg = Release|Any CPU
		{2727D171-ACA5-465E-841C-E101980687DF}.Ad-Hoc|Any CPU.Build.0 = Release|Any CPU
		{2727D171-ACA5-465E-841C-E101980687DF}.Ad-Hoc|iPhone.ActiveCfg = Release|Any CPU
		{2727D171-ACA5-465E-841C-E101980687DF}.Ad-Hoc|iPhone.Build.0 = Release|Any CPU
		{2727D171-ACA5-465E-841C-E101980687DF}.Ad-Hoc|iPhoneSimulator.ActiveCfg = Release|Any CPU
		{2727D171-ACA5-465E-841C-E101980687DF}.Ad-Hoc|iPhoneSimulator.Build.0 = Release|Any CPU
		{2727D171-ACA5-465E-841C-E101980687DF}.AppStore|Any CPU.ActiveCfg = Release|Any CPU
		{2727D171-ACA5-465E-841C-E101980687DF}.AppStore|Any CPU.Build.0 = Release|Any CPU
		{2727D171-ACA5-465E-841C-E101980687DF}.AppStore|iPhone.ActiveCfg = Release|Any CPU
		{2727D171-ACA5-465E-841C-E101980687DF}.AppStore|iPhone.Build.0 = Release|Any CPU
		{2727D171-ACA5-465E-841C-E101980687DF}.AppStore|iPhoneSimulator.ActiveCfg = Release|Any CPU
		{2727D171-ACA5-465E-841C-E101980687DF}.AppStore|iPhoneSimulator.Build.0 = Release|Any CPU
		{2727D171-ACA5-465E-841C-E101980687DF}.Debug|Any CPU.ActiveCfg = Debug|Any CPU
		{2727D171-ACA5-465E-841C-E101980687DF}.Debug|Any CPU.Build.0 = Debug|Any CPU
		{2727D171-ACA5-465E-841C-E101980687DF}.Debug|iPhone.ActiveCfg = Debug|Any CPU
		{2727D171-ACA5-465E-841C-E101980687DF}.Debug|iPhone.Build.0 = Debug|Any CPU
		{2727D171-ACA5-465E-841C-E101980687DF}.Debug|iPhoneSimulator.ActiveCfg = Debug|Any CPU
		{2727D171-ACA5-465E-841C-E101980687DF}.Debug|iPhoneSimulator.Build.0 = Debug|Any CPU
		{2727D171-ACA5-465E-841C-E101980687DF}.Release|Any CPU.ActiveCfg = Release|Any CPU
		{2727D171-ACA5-465E-841C-E101980687DF}.Release|Any CPU.Build.0 = Release|Any CPU
		{2727D171-ACA5-465E-841C-E101980687DF}.Release|iPhone.ActiveCfg = Release|Any CPU
		{2727D171-ACA5-465E-841C-E101980687DF}.Release|iPhone.Build.0 = Release|Any CPU
		{2727D171-ACA5-465E-841C-E101980687DF}.Release|iPhoneSimulator.ActiveCfg = Release|Any CPU
		{2727D171-ACA5-465E-841C-E101980687DF}.Release|iPhoneSimulator.Build.0 = Release|Any CPU
		{DB9CD907-8D6A-4E4B-A2EC-7F22252B6A17}.Ad-Hoc|Any CPU.ActiveCfg = Release|Any CPU
		{DB9CD907-8D6A-4E4B-A2EC-7F22252B6A17}.Ad-Hoc|Any CPU.Build.0 = Release|Any CPU
		{DB9CD907-8D6A-4E4B-A2EC-7F22252B6A17}.Ad-Hoc|iPhone.ActiveCfg = Release|Any CPU
		{DB9CD907-8D6A-4E4B-A2EC-7F22252B6A17}.Ad-Hoc|iPhone.Build.0 = Release|Any CPU
		{DB9CD907-8D6A-4E4B-A2EC-7F22252B6A17}.Ad-Hoc|iPhoneSimulator.ActiveCfg = Release|Any CPU
		{DB9CD907-8D6A-4E4B-A2EC-7F22252B6A17}.Ad-Hoc|iPhoneSimulator.Build.0 = Release|Any CPU
		{DB9CD907-8D6A-4E4B-A2EC-7F22252B6A17}.AppStore|Any CPU.ActiveCfg = Release|Any CPU
		{DB9CD907-8D6A-4E4B-A2EC-7F22252B6A17}.AppStore|Any CPU.Build.0 = Release|Any CPU
		{DB9CD907-8D6A-4E4B-A2EC-7F22252B6A17}.AppStore|iPhone.ActiveCfg = Release|Any CPU
		{DB9CD907-8D6A-4E4B-A2EC-7F22252B6A17}.AppStore|iPhone.Build.0 = Release|Any CPU
		{DB9CD907-8D6A-4E4B-A2EC-7F22252B6A17}.AppStore|iPhoneSimulator.ActiveCfg = Release|Any CPU
		{DB9CD907-8D6A-4E4B-A2EC-7F22252B6A17}.AppStore|iPhoneSimulator.Build.0 = Release|Any CPU
		{DB9CD907-8D6A-4E4B-A2EC-7F22252B6A17}.Debug|Any CPU.ActiveCfg = Debug|Any CPU
		{DB9CD907-8D6A-4E4B-A2EC-7F22252B6A17}.Debug|Any CPU.Build.0 = Debug|Any CPU
		{DB9CD907-8D6A-4E4B-A2EC-7F22252B6A17}.Debug|iPhone.ActiveCfg = Debug|Any CPU
		{DB9CD907-8D6A-4E4B-A2EC-7F22252B6A17}.Debug|iPhone.Build.0 = Debug|Any CPU
		{DB9CD907-8D6A-4E4B-A2EC-7F22252B6A17}.Debug|iPhoneSimulator.ActiveCfg = Debug|Any CPU
		{DB9CD907-8D6A-4E4B-A2EC-7F22252B6A17}.Debug|iPhoneSimulator.Build.0 = Debug|Any CPU
		{DB9CD907-8D6A-4E4B-A2EC-7F22252B6A17}.Release|Any CPU.ActiveCfg = Release|Any CPU
		{DB9CD907-8D6A-4E4B-A2EC-7F22252B6A17}.Release|Any CPU.Build.0 = Release|Any CPU
		{DB9CD907-8D6A-4E4B-A2EC-7F22252B6A17}.Release|iPhone.ActiveCfg = Release|Any CPU
		{DB9CD907-8D6A-4E4B-A2EC-7F22252B6A17}.Release|iPhone.Build.0 = Release|Any CPU
		{DB9CD907-8D6A-4E4B-A2EC-7F22252B6A17}.Release|iPhoneSimulator.ActiveCfg = Release|Any CPU
		{DB9CD907-8D6A-4E4B-A2EC-7F22252B6A17}.Release|iPhoneSimulator.Build.0 = Release|Any CPU
		{111C6286-E82A-431C-943B-A21D84D2C5D0}.Ad-Hoc|Any CPU.ActiveCfg = Release|Any CPU
		{111C6286-E82A-431C-943B-A21D84D2C5D0}.Ad-Hoc|Any CPU.Build.0 = Release|Any CPU
		{111C6286-E82A-431C-943B-A21D84D2C5D0}.Ad-Hoc|Any CPU.Deploy.0 = Release|Any CPU
		{111C6286-E82A-431C-943B-A21D84D2C5D0}.Ad-Hoc|iPhone.ActiveCfg = Release|Any CPU
		{111C6286-E82A-431C-943B-A21D84D2C5D0}.Ad-Hoc|iPhone.Build.0 = Release|Any CPU
		{111C6286-E82A-431C-943B-A21D84D2C5D0}.Ad-Hoc|iPhone.Deploy.0 = Release|Any CPU
		{111C6286-E82A-431C-943B-A21D84D2C5D0}.Ad-Hoc|iPhoneSimulator.ActiveCfg = Release|Any CPU
		{111C6286-E82A-431C-943B-A21D84D2C5D0}.Ad-Hoc|iPhoneSimulator.Build.0 = Release|Any CPU
		{111C6286-E82A-431C-943B-A21D84D2C5D0}.Ad-Hoc|iPhoneSimulator.Deploy.0 = Release|Any CPU
		{111C6286-E82A-431C-943B-A21D84D2C5D0}.AppStore|Any CPU.ActiveCfg = Release|Any CPU
		{111C6286-E82A-431C-943B-A21D84D2C5D0}.AppStore|Any CPU.Build.0 = Release|Any CPU
		{111C6286-E82A-431C-943B-A21D84D2C5D0}.AppStore|Any CPU.Deploy.0 = Release|Any CPU
		{111C6286-E82A-431C-943B-A21D84D2C5D0}.AppStore|iPhone.ActiveCfg = Release|Any CPU
		{111C6286-E82A-431C-943B-A21D84D2C5D0}.AppStore|iPhone.Build.0 = Release|Any CPU
		{111C6286-E82A-431C-943B-A21D84D2C5D0}.AppStore|iPhone.Deploy.0 = Release|Any CPU
		{111C6286-E82A-431C-943B-A21D84D2C5D0}.AppStore|iPhoneSimulator.ActiveCfg = Release|Any CPU
		{111C6286-E82A-431C-943B-A21D84D2C5D0}.AppStore|iPhoneSimulator.Build.0 = Release|Any CPU
		{111C6286-E82A-431C-943B-A21D84D2C5D0}.AppStore|iPhoneSimulator.Deploy.0 = Release|Any CPU
		{111C6286-E82A-431C-943B-A21D84D2C5D0}.Debug|Any CPU.ActiveCfg = Debug|Any CPU
		{111C6286-E82A-431C-943B-A21D84D2C5D0}.Debug|Any CPU.Build.0 = Debug|Any CPU
		{111C6286-E82A-431C-943B-A21D84D2C5D0}.Debug|Any CPU.Deploy.0 = Debug|Any CPU
		{111C6286-E82A-431C-943B-A21D84D2C5D0}.Debug|iPhone.ActiveCfg = Debug|Any CPU
		{111C6286-E82A-431C-943B-A21D84D2C5D0}.Debug|iPhone.Build.0 = Debug|Any CPU
		{111C6286-E82A-431C-943B-A21D84D2C5D0}.Debug|iPhone.Deploy.0 = Debug|Any CPU
		{111C6286-E82A-431C-943B-A21D84D2C5D0}.Debug|iPhoneSimulator.ActiveCfg = Debug|Any CPU
		{111C6286-E82A-431C-943B-A21D84D2C5D0}.Debug|iPhoneSimulator.Build.0 = Debug|Any CPU
		{111C6286-E82A-431C-943B-A21D84D2C5D0}.Debug|iPhoneSimulator.Deploy.0 = Debug|Any CPU
		{111C6286-E82A-431C-943B-A21D84D2C5D0}.Release|Any CPU.ActiveCfg = Release|Any CPU
		{111C6286-E82A-431C-943B-A21D84D2C5D0}.Release|Any CPU.Build.0 = Release|Any CPU
		{111C6286-E82A-431C-943B-A21D84D2C5D0}.Release|Any CPU.Deploy.0 = Release|Any CPU
		{111C6286-E82A-431C-943B-A21D84D2C5D0}.Release|iPhone.ActiveCfg = Release|Any CPU
		{111C6286-E82A-431C-943B-A21D84D2C5D0}.Release|iPhone.Build.0 = Release|Any CPU
		{111C6286-E82A-431C-943B-A21D84D2C5D0}.Release|iPhone.Deploy.0 = Release|Any CPU
		{111C6286-E82A-431C-943B-A21D84D2C5D0}.Release|iPhoneSimulator.ActiveCfg = Release|Any CPU
		{111C6286-E82A-431C-943B-A21D84D2C5D0}.Release|iPhoneSimulator.Build.0 = Release|Any CPU
		{111C6286-E82A-431C-943B-A21D84D2C5D0}.Release|iPhoneSimulator.Deploy.0 = Release|Any CPU
		{F3E57EA5-849B-41F0-98B4-C9474ED18BB1}.Ad-Hoc|Any CPU.ActiveCfg = Release|Any CPU
		{F3E57EA5-849B-41F0-98B4-C9474ED18BB1}.Ad-Hoc|Any CPU.Build.0 = Release|Any CPU
		{F3E57EA5-849B-41F0-98B4-C9474ED18BB1}.Ad-Hoc|Any CPU.Deploy.0 = Release|Any CPU
		{F3E57EA5-849B-41F0-98B4-C9474ED18BB1}.Ad-Hoc|iPhone.ActiveCfg = Release|Any CPU
		{F3E57EA5-849B-41F0-98B4-C9474ED18BB1}.Ad-Hoc|iPhone.Build.0 = Release|Any CPU
		{F3E57EA5-849B-41F0-98B4-C9474ED18BB1}.Ad-Hoc|iPhone.Deploy.0 = Release|Any CPU
		{F3E57EA5-849B-41F0-98B4-C9474ED18BB1}.Ad-Hoc|iPhoneSimulator.ActiveCfg = Release|Any CPU
		{F3E57EA5-849B-41F0-98B4-C9474ED18BB1}.Ad-Hoc|iPhoneSimulator.Build.0 = Release|Any CPU
		{F3E57EA5-849B-41F0-98B4-C9474ED18BB1}.Ad-Hoc|iPhoneSimulator.Deploy.0 = Release|Any CPU
		{F3E57EA5-849B-41F0-98B4-C9474ED18BB1}.AppStore|Any CPU.ActiveCfg = Release|Any CPU
		{F3E57EA5-849B-41F0-98B4-C9474ED18BB1}.AppStore|Any CPU.Build.0 = Release|Any CPU
		{F3E57EA5-849B-41F0-98B4-C9474ED18BB1}.AppStore|Any CPU.Deploy.0 = Release|Any CPU
		{F3E57EA5-849B-41F0-98B4-C9474ED18BB1}.AppStore|iPhone.ActiveCfg = Release|Any CPU
		{F3E57EA5-849B-41F0-98B4-C9474ED18BB1}.AppStore|iPhone.Build.0 = Release|Any CPU
		{F3E57EA5-849B-41F0-98B4-C9474ED18BB1}.AppStore|iPhone.Deploy.0 = Release|Any CPU
		{F3E57EA5-849B-41F0-98B4-C9474ED18BB1}.AppStore|iPhoneSimulator.ActiveCfg = Release|Any CPU
		{F3E57EA5-849B-41F0-98B4-C9474ED18BB1}.AppStore|iPhoneSimulator.Build.0 = Release|Any CPU
		{F3E57EA5-849B-41F0-98B4-C9474ED18BB1}.AppStore|iPhoneSimulator.Deploy.0 = Release|Any CPU
		{F3E57EA5-849B-41F0-98B4-C9474ED18BB1}.Debug|Any CPU.ActiveCfg = Debug|Any CPU
		{F3E57EA5-849B-41F0-98B4-C9474ED18BB1}.Debug|Any CPU.Build.0 = Debug|Any CPU
		{F3E57EA5-849B-41F0-98B4-C9474ED18BB1}.Debug|Any CPU.Deploy.0 = Debug|Any CPU
		{F3E57EA5-849B-41F0-98B4-C9474ED18BB1}.Debug|iPhone.ActiveCfg = Debug|Any CPU
		{F3E57EA5-849B-41F0-98B4-C9474ED18BB1}.Debug|iPhone.Build.0 = Debug|Any CPU
		{F3E57EA5-849B-41F0-98B4-C9474ED18BB1}.Debug|iPhone.Deploy.0 = Debug|Any CPU
		{F3E57EA5-849B-41F0-98B4-C9474ED18BB1}.Debug|iPhoneSimulator.ActiveCfg = Debug|Any CPU
		{F3E57EA5-849B-41F0-98B4-C9474ED18BB1}.Debug|iPhoneSimulator.Build.0 = Debug|Any CPU
		{F3E57EA5-849B-41F0-98B4-C9474ED18BB1}.Debug|iPhoneSimulator.Deploy.0 = Debug|Any CPU
		{F3E57EA5-849B-41F0-98B4-C9474ED18BB1}.Release|Any CPU.ActiveCfg = Release|Any CPU
		{F3E57EA5-849B-41F0-98B4-C9474ED18BB1}.Release|Any CPU.Build.0 = Release|Any CPU
		{F3E57EA5-849B-41F0-98B4-C9474ED18BB1}.Release|Any CPU.Deploy.0 = Release|Any CPU
		{F3E57EA5-849B-41F0-98B4-C9474ED18BB1}.Release|iPhone.ActiveCfg = Release|Any CPU
		{F3E57EA5-849B-41F0-98B4-C9474ED18BB1}.Release|iPhone.Build.0 = Release|Any CPU
		{F3E57EA5-849B-41F0-98B4-C9474ED18BB1}.Release|iPhone.Deploy.0 = Release|Any CPU
		{F3E57EA5-849B-41F0-98B4-C9474ED18BB1}.Release|iPhoneSimulator.ActiveCfg = Release|Any CPU
		{F3E57EA5-849B-41F0-98B4-C9474ED18BB1}.Release|iPhoneSimulator.Build.0 = Release|Any CPU
		{F3E57EA5-849B-41F0-98B4-C9474ED18BB1}.Release|iPhoneSimulator.Deploy.0 = Release|Any CPU
		{5A444CD7-9C11-4AF1-8609-D3D5048F9063}.Ad-Hoc|Any CPU.ActiveCfg = Ad-Hoc|iPhone
		{5A444CD7-9C11-4AF1-8609-D3D5048F9063}.Ad-Hoc|iPhone.ActiveCfg = Ad-Hoc|iPhone
		{5A444CD7-9C11-4AF1-8609-D3D5048F9063}.Ad-Hoc|iPhone.Build.0 = Ad-Hoc|iPhone
		{5A444CD7-9C11-4AF1-8609-D3D5048F9063}.Ad-Hoc|iPhoneSimulator.ActiveCfg = Ad-Hoc|iPhoneSimulator
		{5A444CD7-9C11-4AF1-8609-D3D5048F9063}.Ad-Hoc|iPhoneSimulator.Build.0 = Ad-Hoc|iPhoneSimulator
		{5A444CD7-9C11-4AF1-8609-D3D5048F9063}.AppStore|Any CPU.ActiveCfg = AppStore|iPhone
		{5A444CD7-9C11-4AF1-8609-D3D5048F9063}.AppStore|iPhone.ActiveCfg = AppStore|iPhone
		{5A444CD7-9C11-4AF1-8609-D3D5048F9063}.AppStore|iPhone.Build.0 = AppStore|iPhone
		{5A444CD7-9C11-4AF1-8609-D3D5048F9063}.AppStore|iPhoneSimulator.ActiveCfg = AppStore|iPhoneSimulator
		{5A444CD7-9C11-4AF1-8609-D3D5048F9063}.AppStore|iPhoneSimulator.Build.0 = AppStore|iPhoneSimulator
		{5A444CD7-9C11-4AF1-8609-D3D5048F9063}.Debug|Any CPU.ActiveCfg = Debug|iPhone
		{5A444CD7-9C11-4AF1-8609-D3D5048F9063}.Debug|iPhone.ActiveCfg = Debug|iPhone
		{5A444CD7-9C11-4AF1-8609-D3D5048F9063}.Debug|iPhone.Build.0 = Debug|iPhone
		{5A444CD7-9C11-4AF1-8609-D3D5048F9063}.Debug|iPhoneSimulator.ActiveCfg = Debug|iPhoneSimulator
		{5A444CD7-9C11-4AF1-8609-D3D5048F9063}.Debug|iPhoneSimulator.Build.0 = Debug|iPhoneSimulator
		{5A444CD7-9C11-4AF1-8609-D3D5048F9063}.Release|Any CPU.ActiveCfg = Release|iPhone
		{5A444CD7-9C11-4AF1-8609-D3D5048F9063}.Release|iPhone.ActiveCfg = Release|iPhone
		{5A444CD7-9C11-4AF1-8609-D3D5048F9063}.Release|iPhone.Build.0 = Release|iPhone
		{5A444CD7-9C11-4AF1-8609-D3D5048F9063}.Release|iPhoneSimulator.ActiveCfg = Release|iPhoneSimulator
		{5A444CD7-9C11-4AF1-8609-D3D5048F9063}.Release|iPhoneSimulator.Build.0 = Release|iPhoneSimulator
		{605F69AA-93A8-4AEA-9BBD-BF3AE649506A}.Ad-Hoc|Any CPU.ActiveCfg = Release|Any CPU
		{605F69AA-93A8-4AEA-9BBD-BF3AE649506A}.Ad-Hoc|Any CPU.Build.0 = Release|Any CPU
		{605F69AA-93A8-4AEA-9BBD-BF3AE649506A}.Ad-Hoc|iPhone.ActiveCfg = Release|Any CPU
		{605F69AA-93A8-4AEA-9BBD-BF3AE649506A}.Ad-Hoc|iPhone.Build.0 = Release|Any CPU
		{605F69AA-93A8-4AEA-9BBD-BF3AE649506A}.Ad-Hoc|iPhoneSimulator.ActiveCfg = Release|Any CPU
		{605F69AA-93A8-4AEA-9BBD-BF3AE649506A}.Ad-Hoc|iPhoneSimulator.Build.0 = Release|Any CPU
		{605F69AA-93A8-4AEA-9BBD-BF3AE649506A}.AppStore|Any CPU.ActiveCfg = Release|Any CPU
		{605F69AA-93A8-4AEA-9BBD-BF3AE649506A}.AppStore|Any CPU.Build.0 = Release|Any CPU
		{605F69AA-93A8-4AEA-9BBD-BF3AE649506A}.AppStore|iPhone.ActiveCfg = Release|Any CPU
		{605F69AA-93A8-4AEA-9BBD-BF3AE649506A}.AppStore|iPhone.Build.0 = Release|Any CPU
		{605F69AA-93A8-4AEA-9BBD-BF3AE649506A}.AppStore|iPhoneSimulator.ActiveCfg = Release|Any CPU
		{605F69AA-93A8-4AEA-9BBD-BF3AE649506A}.AppStore|iPhoneSimulator.Build.0 = Release|Any CPU
		{605F69AA-93A8-4AEA-9BBD-BF3AE649506A}.Debug|Any CPU.ActiveCfg = Debug|Any CPU
		{605F69AA-93A8-4AEA-9BBD-BF3AE649506A}.Debug|Any CPU.Build.0 = Debug|Any CPU
		{605F69AA-93A8-4AEA-9BBD-BF3AE649506A}.Debug|iPhone.ActiveCfg = Debug|Any CPU
		{605F69AA-93A8-4AEA-9BBD-BF3AE649506A}.Debug|iPhone.Build.0 = Debug|Any CPU
		{605F69AA-93A8-4AEA-9BBD-BF3AE649506A}.Debug|iPhoneSimulator.ActiveCfg = Debug|Any CPU
		{605F69AA-93A8-4AEA-9BBD-BF3AE649506A}.Debug|iPhoneSimulator.Build.0 = Debug|Any CPU
		{605F69AA-93A8-4AEA-9BBD-BF3AE649506A}.Release|Any CPU.ActiveCfg = Release|Any CPU
		{605F69AA-93A8-4AEA-9BBD-BF3AE649506A}.Release|Any CPU.Build.0 = Release|Any CPU
		{605F69AA-93A8-4AEA-9BBD-BF3AE649506A}.Release|iPhone.ActiveCfg = Release|Any CPU
		{605F69AA-93A8-4AEA-9BBD-BF3AE649506A}.Release|iPhone.Build.0 = Release|Any CPU
		{605F69AA-93A8-4AEA-9BBD-BF3AE649506A}.Release|iPhoneSimulator.ActiveCfg = Release|Any CPU
		{605F69AA-93A8-4AEA-9BBD-BF3AE649506A}.Release|iPhoneSimulator.Build.0 = Release|Any CPU
		{678738DA-F723-4920-B9E5-CAD667104BDA}.Ad-Hoc|Any CPU.ActiveCfg = Release|Any CPU
		{678738DA-F723-4920-B9E5-CAD667104BDA}.Ad-Hoc|Any CPU.Build.0 = Release|Any CPU
		{678738DA-F723-4920-B9E5-CAD667104BDA}.Ad-Hoc|iPhone.ActiveCfg = Release|Any CPU
		{678738DA-F723-4920-B9E5-CAD667104BDA}.Ad-Hoc|iPhone.Build.0 = Release|Any CPU
		{678738DA-F723-4920-B9E5-CAD667104BDA}.Ad-Hoc|iPhoneSimulator.ActiveCfg = Release|Any CPU
		{678738DA-F723-4920-B9E5-CAD667104BDA}.Ad-Hoc|iPhoneSimulator.Build.0 = Release|Any CPU
		{678738DA-F723-4920-B9E5-CAD667104BDA}.AppStore|Any CPU.ActiveCfg = Release|Any CPU
		{678738DA-F723-4920-B9E5-CAD667104BDA}.AppStore|Any CPU.Build.0 = Release|Any CPU
		{678738DA-F723-4920-B9E5-CAD667104BDA}.AppStore|iPhone.ActiveCfg = Release|Any CPU
		{678738DA-F723-4920-B9E5-CAD667104BDA}.AppStore|iPhone.Build.0 = Release|Any CPU
		{678738DA-F723-4920-B9E5-CAD667104BDA}.AppStore|iPhoneSimulator.ActiveCfg = Release|Any CPU
		{678738DA-F723-4920-B9E5-CAD667104BDA}.AppStore|iPhoneSimulator.Build.0 = Release|Any CPU
		{678738DA-F723-4920-B9E5-CAD667104BDA}.Debug|Any CPU.ActiveCfg = Debug|Any CPU
		{678738DA-F723-4920-B9E5-CAD667104BDA}.Debug|Any CPU.Build.0 = Debug|Any CPU
		{678738DA-F723-4920-B9E5-CAD667104BDA}.Debug|iPhone.ActiveCfg = Debug|Any CPU
		{678738DA-F723-4920-B9E5-CAD667104BDA}.Debug|iPhone.Build.0 = Debug|Any CPU
		{678738DA-F723-4920-B9E5-CAD667104BDA}.Debug|iPhoneSimulator.ActiveCfg = Debug|Any CPU
		{678738DA-F723-4920-B9E5-CAD667104BDA}.Debug|iPhoneSimulator.Build.0 = Debug|Any CPU
		{678738DA-F723-4920-B9E5-CAD667104BDA}.Release|Any CPU.ActiveCfg = Release|Any CPU
		{678738DA-F723-4920-B9E5-CAD667104BDA}.Release|Any CPU.Build.0 = Release|Any CPU
		{678738DA-F723-4920-B9E5-CAD667104BDA}.Release|iPhone.ActiveCfg = Release|Any CPU
		{678738DA-F723-4920-B9E5-CAD667104BDA}.Release|iPhone.Build.0 = Release|Any CPU
		{678738DA-F723-4920-B9E5-CAD667104BDA}.Release|iPhoneSimulator.ActiveCfg = Release|Any CPU
		{678738DA-F723-4920-B9E5-CAD667104BDA}.Release|iPhoneSimulator.Build.0 = Release|Any CPU
		{37DFEFBA-886F-403D-B8A5-EBA67633C235}.Ad-Hoc|Any CPU.ActiveCfg = Release|Any CPU
		{37DFEFBA-886F-403D-B8A5-EBA67633C235}.Ad-Hoc|Any CPU.Build.0 = Release|Any CPU
		{37DFEFBA-886F-403D-B8A5-EBA67633C235}.Ad-Hoc|iPhone.ActiveCfg = Release|Any CPU
		{37DFEFBA-886F-403D-B8A5-EBA67633C235}.Ad-Hoc|iPhone.Build.0 = Release|Any CPU
		{37DFEFBA-886F-403D-B8A5-EBA67633C235}.Ad-Hoc|iPhoneSimulator.ActiveCfg = Release|Any CPU
		{37DFEFBA-886F-403D-B8A5-EBA67633C235}.Ad-Hoc|iPhoneSimulator.Build.0 = Release|Any CPU
		{37DFEFBA-886F-403D-B8A5-EBA67633C235}.AppStore|Any CPU.ActiveCfg = Release|Any CPU
		{37DFEFBA-886F-403D-B8A5-EBA67633C235}.AppStore|Any CPU.Build.0 = Release|Any CPU
		{37DFEFBA-886F-403D-B8A5-EBA67633C235}.AppStore|iPhone.ActiveCfg = Release|Any CPU
		{37DFEFBA-886F-403D-B8A5-EBA67633C235}.AppStore|iPhone.Build.0 = Release|Any CPU
		{37DFEFBA-886F-403D-B8A5-EBA67633C235}.AppStore|iPhoneSimulator.ActiveCfg = Release|Any CPU
		{37DFEFBA-886F-403D-B8A5-EBA67633C235}.AppStore|iPhoneSimulator.Build.0 = Release|Any CPU
		{37DFEFBA-886F-403D-B8A5-EBA67633C235}.Debug|Any CPU.ActiveCfg = Debug|Any CPU
		{37DFEFBA-886F-403D-B8A5-EBA67633C235}.Debug|Any CPU.Build.0 = Debug|Any CPU
		{37DFEFBA-886F-403D-B8A5-EBA67633C235}.Debug|iPhone.ActiveCfg = Debug|Any CPU
		{37DFEFBA-886F-403D-B8A5-EBA67633C235}.Debug|iPhone.Build.0 = Debug|Any CPU
		{37DFEFBA-886F-403D-B8A5-EBA67633C235}.Debug|iPhoneSimulator.ActiveCfg = Debug|Any CPU
		{37DFEFBA-886F-403D-B8A5-EBA67633C235}.Debug|iPhoneSimulator.Build.0 = Debug|Any CPU
		{37DFEFBA-886F-403D-B8A5-EBA67633C235}.Release|Any CPU.ActiveCfg = Release|Any CPU
		{37DFEFBA-886F-403D-B8A5-EBA67633C235}.Release|Any CPU.Build.0 = Release|Any CPU
		{37DFEFBA-886F-403D-B8A5-EBA67633C235}.Release|iPhone.ActiveCfg = Release|Any CPU
		{37DFEFBA-886F-403D-B8A5-EBA67633C235}.Release|iPhone.Build.0 = Release|Any CPU
		{37DFEFBA-886F-403D-B8A5-EBA67633C235}.Release|iPhoneSimulator.ActiveCfg = Release|Any CPU
		{37DFEFBA-886F-403D-B8A5-EBA67633C235}.Release|iPhoneSimulator.Build.0 = Release|Any CPU
		{B4256ACE-35BE-4EB0-8967-7F33AEEFCD14}.Ad-Hoc|Any CPU.ActiveCfg = Release|Any CPU
		{B4256ACE-35BE-4EB0-8967-7F33AEEFCD14}.Ad-Hoc|Any CPU.Build.0 = Release|Any CPU
		{B4256ACE-35BE-4EB0-8967-7F33AEEFCD14}.Ad-Hoc|iPhone.ActiveCfg = Release|Any CPU
		{B4256ACE-35BE-4EB0-8967-7F33AEEFCD14}.Ad-Hoc|iPhone.Build.0 = Release|Any CPU
		{B4256ACE-35BE-4EB0-8967-7F33AEEFCD14}.Ad-Hoc|iPhoneSimulator.ActiveCfg = Release|Any CPU
		{B4256ACE-35BE-4EB0-8967-7F33AEEFCD14}.Ad-Hoc|iPhoneSimulator.Build.0 = Release|Any CPU
		{B4256ACE-35BE-4EB0-8967-7F33AEEFCD14}.AppStore|Any CPU.ActiveCfg = Release|Any CPU
		{B4256ACE-35BE-4EB0-8967-7F33AEEFCD14}.AppStore|Any CPU.Build.0 = Release|Any CPU
		{B4256ACE-35BE-4EB0-8967-7F33AEEFCD14}.AppStore|iPhone.ActiveCfg = Release|Any CPU
		{B4256ACE-35BE-4EB0-8967-7F33AEEFCD14}.AppStore|iPhone.Build.0 = Release|Any CPU
		{B4256ACE-35BE-4EB0-8967-7F33AEEFCD14}.AppStore|iPhoneSimulator.ActiveCfg = Release|Any CPU
		{B4256ACE-35BE-4EB0-8967-7F33AEEFCD14}.AppStore|iPhoneSimulator.Build.0 = Release|Any CPU
		{B4256ACE-35BE-4EB0-8967-7F33AEEFCD14}.Debug|Any CPU.ActiveCfg = Debug|Any CPU
		{B4256ACE-35BE-4EB0-8967-7F33AEEFCD14}.Debug|Any CPU.Build.0 = Debug|Any CPU
		{B4256ACE-35BE-4EB0-8967-7F33AEEFCD14}.Debug|iPhone.ActiveCfg = Debug|Any CPU
		{B4256ACE-35BE-4EB0-8967-7F33AEEFCD14}.Debug|iPhone.Build.0 = Debug|Any CPU
		{B4256ACE-35BE-4EB0-8967-7F33AEEFCD14}.Debug|iPhoneSimulator.ActiveCfg = Debug|Any CPU
		{B4256ACE-35BE-4EB0-8967-7F33AEEFCD14}.Debug|iPhoneSimulator.Build.0 = Debug|Any CPU
		{B4256ACE-35BE-4EB0-8967-7F33AEEFCD14}.Release|Any CPU.ActiveCfg = Release|Any CPU
		{B4256ACE-35BE-4EB0-8967-7F33AEEFCD14}.Release|Any CPU.Build.0 = Release|Any CPU
		{B4256ACE-35BE-4EB0-8967-7F33AEEFCD14}.Release|iPhone.ActiveCfg = Release|Any CPU
		{B4256ACE-35BE-4EB0-8967-7F33AEEFCD14}.Release|iPhone.Build.0 = Release|Any CPU
		{B4256ACE-35BE-4EB0-8967-7F33AEEFCD14}.Release|iPhoneSimulator.ActiveCfg = Release|Any CPU
		{B4256ACE-35BE-4EB0-8967-7F33AEEFCD14}.Release|iPhoneSimulator.Build.0 = Release|Any CPU
		{A4A14467-4AF4-4F57-A559-5ED81548C29C}.Ad-Hoc|Any CPU.ActiveCfg = Release|Any CPU
		{A4A14467-4AF4-4F57-A559-5ED81548C29C}.Ad-Hoc|Any CPU.Build.0 = Release|Any CPU
		{A4A14467-4AF4-4F57-A559-5ED81548C29C}.Ad-Hoc|iPhone.ActiveCfg = Release|Any CPU
		{A4A14467-4AF4-4F57-A559-5ED81548C29C}.Ad-Hoc|iPhone.Build.0 = Release|Any CPU
		{A4A14467-4AF4-4F57-A559-5ED81548C29C}.Ad-Hoc|iPhoneSimulator.ActiveCfg = Release|Any CPU
		{A4A14467-4AF4-4F57-A559-5ED81548C29C}.Ad-Hoc|iPhoneSimulator.Build.0 = Release|Any CPU
		{A4A14467-4AF4-4F57-A559-5ED81548C29C}.AppStore|Any CPU.ActiveCfg = Release|Any CPU
		{A4A14467-4AF4-4F57-A559-5ED81548C29C}.AppStore|Any CPU.Build.0 = Release|Any CPU
		{A4A14467-4AF4-4F57-A559-5ED81548C29C}.AppStore|iPhone.ActiveCfg = Release|Any CPU
		{A4A14467-4AF4-4F57-A559-5ED81548C29C}.AppStore|iPhone.Build.0 = Release|Any CPU
		{A4A14467-4AF4-4F57-A559-5ED81548C29C}.AppStore|iPhoneSimulator.ActiveCfg = Release|Any CPU
		{A4A14467-4AF4-4F57-A559-5ED81548C29C}.AppStore|iPhoneSimulator.Build.0 = Release|Any CPU
		{A4A14467-4AF4-4F57-A559-5ED81548C29C}.Debug|Any CPU.ActiveCfg = Debug|Any CPU
		{A4A14467-4AF4-4F57-A559-5ED81548C29C}.Debug|Any CPU.Build.0 = Debug|Any CPU
		{A4A14467-4AF4-4F57-A559-5ED81548C29C}.Debug|iPhone.ActiveCfg = Debug|Any CPU
		{A4A14467-4AF4-4F57-A559-5ED81548C29C}.Debug|iPhone.Build.0 = Debug|Any CPU
		{A4A14467-4AF4-4F57-A559-5ED81548C29C}.Debug|iPhoneSimulator.ActiveCfg = Debug|Any CPU
		{A4A14467-4AF4-4F57-A559-5ED81548C29C}.Debug|iPhoneSimulator.Build.0 = Debug|Any CPU
		{A4A14467-4AF4-4F57-A559-5ED81548C29C}.Release|Any CPU.ActiveCfg = Release|Any CPU
		{A4A14467-4AF4-4F57-A559-5ED81548C29C}.Release|Any CPU.Build.0 = Release|Any CPU
		{A4A14467-4AF4-4F57-A559-5ED81548C29C}.Release|iPhone.ActiveCfg = Release|Any CPU
		{A4A14467-4AF4-4F57-A559-5ED81548C29C}.Release|iPhone.Build.0 = Release|Any CPU
		{A4A14467-4AF4-4F57-A559-5ED81548C29C}.Release|iPhoneSimulator.ActiveCfg = Release|Any CPU
		{A4A14467-4AF4-4F57-A559-5ED81548C29C}.Release|iPhoneSimulator.Build.0 = Release|Any CPU
	EndGlobalSection
	GlobalSection(SolutionProperties) = preSolution
		HideSolutionNode = FALSE
	EndGlobalSection
	GlobalSection(NestedProjects) = preSolution
		{2727D171-ACA5-465E-841C-E101980687DF} = {E23318A1-689C-486F-A844-826F30E507DB}
		{DB9CD907-8D6A-4E4B-A2EC-7F22252B6A17} = {E23318A1-689C-486F-A844-826F30E507DB}
		{111C6286-E82A-431C-943B-A21D84D2C5D0} = {15D86C56-1EED-4306-BB8B-8D4E10540432}
		{F3E57EA5-849B-41F0-98B4-C9474ED18BB1} = {B19A734B-61A6-457B-8EB5-E6F30D013450}
		{5A444CD7-9C11-4AF1-8609-D3D5048F9063} = {B19A734B-61A6-457B-8EB5-E6F30D013450}
		{820DC28E-EB6F-47B8-B6C2-10CCFDDDA37B} = {B19A734B-61A6-457B-8EB5-E6F30D013450}
		{652BEAED-94ED-4E7B-B24B-B310BC833B47} = {15D86C56-1EED-4306-BB8B-8D4E10540432}
		{605F69AA-93A8-4AEA-9BBD-BF3AE649506A} = {652BEAED-94ED-4E7B-B24B-B310BC833B47}
		{678738DA-F723-4920-B9E5-CAD667104BDA} = {5329ECB9-A517-40D8-B69B-0374943DF229}
		{37DFEFBA-886F-403D-B8A5-EBA67633C235} = {15D86C56-1EED-4306-BB8B-8D4E10540432}
		{B4256ACE-35BE-4EB0-8967-7F33AEEFCD14} = {8158AFBE-2F2A-42B9-B2CD-B474AFA6FC41}
		{A4A14467-4AF4-4F57-A559-5ED81548C29C} = {652BEAED-94ED-4E7B-B24B-B310BC833B47}
	EndGlobalSection
EndGlobal
